
Microsoft Visual Studio Solution File, Format Version 12.00
# Visual Studio 14
VisualStudioVersion = 14.0.25420.1
MinimumVisualStudioVersion = 10.0.40219.1
Project("{FAE04EC0-301F-11D3-BF4B-00C04F79EFBC}") = "Welcome", "Welcome\Welcome.csproj", "{5BA0A72B-38CB-43ED-8BE6-248F62027015}"
EndProject
Project("{FAE04EC0-301F-11D3-BF4B-00C04F79EFBC}") = "WelcomeWpf", "WelcomeWpf\WelcomeWpf.csproj", "{F6E517BC-A3D0-4ADA-B5C1-0D9C87279A4E}"
EndProject
Project("{FAE04EC0-301F-11D3-BF4B-00C04F79EFBC}") = "Naprendszer_WPF_project", "Naprendszer_WPF_project\Naprendszer_WPF_project.csproj", "{D88DEA6F-7BF7-40AA-B75A-F19B30934F16}"
EndProject
Project("{FAE04EC0-301F-11D3-BF4B-00C04F79EFBC}") = "TanulosIsmetlesCOREhoz", "TanulosIsmetlesCOREhoz\TanulosIsmetlesCOREhoz.csproj", "{03E03C29-03F8-4F43-B734-F3AEA8C14E17}"
EndProject
Project("{2150E333-8FDC-42A3-9474-1A3956D46DE8}") = "simalogika", "simalogika", "{C5CBA9A0-4E6A-4AAA-A151-92B708EF766D}"
EndProject
Project("{FAE04EC0-301F-11D3-BF4B-00C04F79EFBC}") = "logika", "logika\logika.csproj", "{EF1B8609-EAFF-4617-BF38-CF1616D2D45F}"
EndProject
Project("{FAE04EC0-301F-11D3-BF4B-00C04F79EFBC}") = "FileBeolv", "FileBeolv\FileBeolv.csproj", "{743D7746-07A8-4649-BB79-01D91E847422}"
EndProject
Project("{FAE04EC0-301F-11D3-BF4B-00C04F79EFBC}") = "HArmadikHaziSzazig", "HArmadikHaziSzazig\HArmadikHaziSzazig.csproj", "{6C32BCC0-6E27-48DE-BF7A-98DB31BA875A}"
EndProject
Project("{FAE04EC0-301F-11D3-BF4B-00C04F79EFBC}") = "CoreHazi_Logika", "CoreHazi_Logika\CoreHazi_Logika.csproj", "{45230069-4B79-4532-B465-6D581D2C959E}"
EndProject
Project("{FAE04EC0-301F-11D3-BF4B-00C04F79EFBC}") = "ABValtozo", "ABValtozo\ABValtozo.csproj", "{86269430-276B-42C4-B967-0D1224573BDA}"
EndProject
Project("{FAE04EC0-301F-11D3-BF4B-00C04F79EFBC}") = "Buborek", "Buborek\Buborek.csproj", "{3821F08C-E1F6-4478-A643-E28A1BFDBA97}"
EndProject
Project("{FAE04EC0-301F-11D3-BF4B-00C04F79EFBC}") = "Buborek894", "Buborek894\Buborek894.csproj", "{D7194D60-811F-49EE-B56D-A66F5745050F}"
EndProject
Project("{FAE04EC0-301F-11D3-BF4B-00C04F79EFBC}") = "HetvegiLenyoTomb", "HetvegiLenyoTomb\HetvegiLenyoTomb.csproj", "{F49F71E2-6C06-4353-A9A8-74E8B4F97BC5}"
EndProject
Global
	GlobalSection(SolutionConfigurationPlatforms) = preSolution
		Debug|Any CPU = Debug|Any CPU
		Release|Any CPU = Release|Any CPU
	EndGlobalSection
	GlobalSection(ProjectConfigurationPlatforms) = postSolution
		{5BA0A72B-38CB-43ED-8BE6-248F62027015}.Debug|Any CPU.ActiveCfg = Debug|Any CPU
		{5BA0A72B-38CB-43ED-8BE6-248F62027015}.Debug|Any CPU.Build.0 = Debug|Any CPU
		{5BA0A72B-38CB-43ED-8BE6-248F62027015}.Release|Any CPU.ActiveCfg = Release|Any CPU
		{5BA0A72B-38CB-43ED-8BE6-248F62027015}.Release|Any CPU.Build.0 = Release|Any CPU
		{F6E517BC-A3D0-4ADA-B5C1-0D9C87279A4E}.Debug|Any CPU.ActiveCfg = Debug|Any CPU
		{F6E517BC-A3D0-4ADA-B5C1-0D9C87279A4E}.Debug|Any CPU.Build.0 = Debug|Any CPU
		{F6E517BC-A3D0-4ADA-B5C1-0D9C87279A4E}.Release|Any CPU.ActiveCfg = Release|Any CPU
		{F6E517BC-A3D0-4ADA-B5C1-0D9C87279A4E}.Release|Any CPU.Build.0 = Release|Any CPU
		{D88DEA6F-7BF7-40AA-B75A-F19B30934F16}.Debug|Any CPU.ActiveCfg = Debug|Any CPU
		{D88DEA6F-7BF7-40AA-B75A-F19B30934F16}.Debug|Any CPU.Build.0 = Debug|Any CPU
		{D88DEA6F-7BF7-40AA-B75A-F19B30934F16}.Release|Any CPU.ActiveCfg = Release|Any CPU
		{D88DEA6F-7BF7-40AA-B75A-F19B30934F16}.Release|Any CPU.Build.0 = Release|Any CPU
		{03E03C29-03F8-4F43-B734-F3AEA8C14E17}.Debug|Any CPU.ActiveCfg = Debug|Any CPU
		{03E03C29-03F8-4F43-B734-F3AEA8C14E17}.Debug|Any CPU.Build.0 = Debug|Any CPU
		{03E03C29-03F8-4F43-B734-F3AEA8C14E17}.Release|Any CPU.ActiveCfg = Release|Any CPU
		{03E03C29-03F8-4F43-B734-F3AEA8C14E17}.Release|Any CPU.Build.0 = Release|Any CPU
		{EF1B8609-EAFF-4617-BF38-CF1616D2D45F}.Debug|Any CPU.ActiveCfg = Debug|Any CPU
		{EF1B8609-EAFF-4617-BF38-CF1616D2D45F}.Debug|Any CPU.Build.0 = Debug|Any CPU
		{EF1B8609-EAFF-4617-BF38-CF1616D2D45F}.Release|Any CPU.ActiveCfg = Release|Any CPU
		{EF1B8609-EAFF-4617-BF38-CF1616D2D45F}.Release|Any CPU.Build.0 = Release|Any CPU
		{743D7746-07A8-4649-BB79-01D91E847422}.Debug|Any CPU.ActiveCfg = Debug|Any CPU
		{743D7746-07A8-4649-BB79-01D91E847422}.Debug|Any CPU.Build.0 = Debug|Any CPU
		{743D7746-07A8-4649-BB79-01D91E847422}.Release|Any CPU.ActiveCfg = Release|Any CPU
		{743D7746-07A8-4649-BB79-01D91E847422}.Release|Any CPU.Build.0 = Release|Any CPU
		{6C32BCC0-6E27-48DE-BF7A-98DB31BA875A}.Debug|Any CPU.ActiveCfg = Debug|Any CPU
		{6C32BCC0-6E27-48DE-BF7A-98DB31BA875A}.Debug|Any CPU.Build.0 = Debug|Any CPU
		{6C32BCC0-6E27-48DE-BF7A-98DB31BA875A}.Release|Any CPU.ActiveCfg = Release|Any CPU
		{6C32BCC0-6E27-48DE-BF7A-98DB31BA875A}.Release|Any CPU.Build.0 = Release|Any CPU
		{45230069-4B79-4532-B465-6D581D2C959E}.Debug|Any CPU.ActiveCfg = Debug|Any CPU
		{45230069-4B79-4532-B465-6D581D2C959E}.Debug|Any CPU.Build.0 = Debug|Any CPU
		{45230069-4B79-4532-B465-6D581D2C959E}.Release|Any CPU.ActiveCfg = Release|Any CPU
		{45230069-4B79-4532-B465-6D581D2C959E}.Release|Any CPU.Build.0 = Release|Any CPU
		{86269430-276B-42C4-B967-0D1224573BDA}.Debug|Any CPU.ActiveCfg = Debug|Any CPU
		{86269430-276B-42C4-B967-0D1224573BDA}.Debug|Any CPU.Build.0 = Debug|Any CPU
		{86269430-276B-42C4-B967-0D1224573BDA}.Release|Any CPU.ActiveCfg = Release|Any CPU
		{86269430-276B-42C4-B967-0D1224573BDA}.Release|Any CPU.Build.0 = Release|Any CPU
		{3821F08C-E1F6-4478-A643-E28A1BFDBA97}.Debug|Any CPU.ActiveCfg = Debug|Any CPU
		{3821F08C-E1F6-4478-A643-E28A1BFDBA97}.Debug|Any CPU.Build.0 = Debug|Any CPU
		{3821F08C-E1F6-4478-A643-E28A1BFDBA97}.Release|Any CPU.ActiveCfg = Release|Any CPU
		{3821F08C-E1F6-4478-A643-E28A1BFDBA97}.Release|Any CPU.Build.0 = Release|Any CPU
		{D7194D60-811F-49EE-B56D-A66F5745050F}.Debug|Any CPU.ActiveCfg = Debug|Any CPU
		{D7194D60-811F-49EE-B56D-A66F5745050F}.Debug|Any CPU.Build.0 = Debug|Any CPU
		{D7194D60-811F-49EE-B56D-A66F5745050F}.Release|Any CPU.ActiveCfg = Release|Any CPU
		{D7194D60-811F-49EE-B56D-A66F5745050F}.Release|Any CPU.Build.0 = Release|Any CPU
		{F49F71E2-6C06-4353-A9A8-74E8B4F97BC5}.Debug|Any CPU.ActiveCfg = Debug|Any CPU
		{F49F71E2-6C06-4353-A9A8-74E8B4F97BC5}.Debug|Any CPU.Build.0 = Debug|Any CPU
		{F49F71E2-6C06-4353-A9A8-74E8B4F97BC5}.Release|Any CPU.ActiveCfg = Release|Any CPU
		{F49F71E2-6C06-4353-A9A8-74E8B4F97BC5}.Release|Any CPU.Build.0 = Release|Any CPU
	EndGlobalSection
	GlobalSection(SolutionProperties) = preSolution
		HideSolutionNode = FALSE
	EndGlobalSection
	GlobalSection(NestedProjects) = preSolution
		{EF1B8609-EAFF-4617-BF38-CF1616D2D45F} = {C5CBA9A0-4E6A-4AAA-A151-92B708EF766D}
		{743D7746-07A8-4649-BB79-01D91E847422} = {C5CBA9A0-4E6A-4AAA-A151-92B708EF766D}
		{6C32BCC0-6E27-48DE-BF7A-98DB31BA875A} = {C5CBA9A0-4E6A-4AAA-A151-92B708EF766D}
		{45230069-4B79-4532-B465-6D581D2C959E} = {C5CBA9A0-4E6A-4AAA-A151-92B708EF766D}
		{86269430-276B-42C4-B967-0D1224573BDA} = {C5CBA9A0-4E6A-4AAA-A151-92B708EF766D}
		{3821F08C-E1F6-4478-A643-E28A1BFDBA97} = {C5CBA9A0-4E6A-4AAA-A151-92B708EF766D}
		{D7194D60-811F-49EE-B56D-A66F5745050F} = {C5CBA9A0-4E6A-4AAA-A151-92B708EF766D}
		{F49F71E2-6C06-4353-A9A8-74E8B4F97BC5} = {C5CBA9A0-4E6A-4AAA-A151-92B708EF766D}
	EndGlobalSection
	GlobalSection(ExtensibilityGlobals) = postSolution
		SolutionGuid = {EBDB65E7-F22D-49A3-A40E-8152B4F0B339}
	EndGlobalSection
EndGlobal
